dependencies:
- name: influxdb
  repository: https://helm.influxdata.com/
  version: 4.8.1
- name: kapacitor
  repository: https://helm.influxdata.com/
  version: 1.4.6
- name: minio
  repository: https://charts.min.io/
  version: 5.0.14
digest: sha256:1e6b06622a8af746d838c3d07006abc507e719b93733a9025e555f41a1187561
generated: "2023-10-23T10:47:33.706917476+02:00"
