dependencies:
- name: influxdb
  repository: https://helm.influxdata.com/
  version: 4.8.1
- name: kapacitor
  repository: https://helm.influxdata.com/
  version: 1.4.6
- name: minio
  repository: https://charts.min.io/
  version: 5.0.14
- name: grafana
  repository: https://grafana.github.io/helm-charts
  version: 7.0.3
- name: loki
  repository: https://grafana.github.io/helm-charts
  version: 5.36.3
- name: prometheus
  repository: https://prometheus-community.github.io/helm-charts
  version: 25.4.0
- name: redis
  repository: https://charts.bitnami.com/bitnami
  version: 18.2.1
digest: sha256:2007a2e26a964b6e1b44a23bb2d1ce0e035c15ab5d3d1fce01888701f4ee4115
generated: "2023-11-08T17:22:23.55864+01:00"
