dependencies:
- name: influxdb
  repository: https://helm.influxdata.com/
  version: 4.8.1
- name: kapacitor
  repository: https://helm.influxdata.com/
  version: 1.4.6
- name: minio
  repository: https://charts.min.io/
  version: 5.0.13
digest: sha256:e7f1b57436ca4c78a240585f38a60c1371b6bbed1a3f9406fbd1d53e0bca134e
generated: "2023-09-15T14:56:22.848496212+02:00"
