version: 0.146.0
dependencies:
- name: cloudnative-pg
  repository: https://cloudnative-pg.github.io/charts
  version: 0.18.0
- name: community-operator
  repository: https://mongodb.github.io/helm-charts
  version: 0.8.0
- name: kong
  repository: https://charts.konghq.com
  version: 2.22.0
- name: raw
  repository: https://bedag.github.io/helm-charts/
  version: 2.0.0
- name: raw
  repository: https://bedag.github.io/helm-charts/
  version: 2.0.0
digest: sha256:6e58ba3e5eaa422ae874e7f9602d83dddebdcd408b48cdd6943fc13f503456d2
generated: "2023-06-07T21:12:59.572333955+02:00"
